<?xml version="1.0" encoding="utf-8"?>
<Project ToolsVersion="4.0" xmlns="http://schemas.microsoft.com/developer/msbuild/2003">
  <ItemGroup>
    <Filter Include="Source Files">
      <UniqueIdentifier>{4FC737F1-C7A5-4376-A066-2A32D752A2FF}</UniqueIdentifier>
      <Extensions>cpp;c;cc;cxx;def;odl;idl;hpj;bat;asm;asmx</Extensions>
    </Filter>
    <Filter Include="Header Files">
      <UniqueIdentifier>{93995380-89BD-4b04-88EB-625FBE52EBFB}</UniqueIdentifier>
      <Extensions>h;hh;hpp;hxx;hm;inl;inc;xsd</Extensions>
    </Filter>
    <Filter Include="Resource Files">
      <UniqueIdentifier>{67DA6AB6-F800-4c08-8B7A-83BB121AAD01}</UniqueIdentifier>
      <Extensions>rc;ico;cur;bmp;dlg;rc2;rct;bin;rgs;gif;jpg;jpeg;jpe;resx;tiff;tif;png;wav</Extensions>
    </Filter>
  </ItemGroup>
  <ItemGroup>
    <None Include="README.md" />
    <None Include="Makefile" />
    <None Include="LICENSE" />
    <None Include="imgui.ini" />
    <None Include=".gitignore" />
    <None Include="Code\Scripts\particles.lua" />
    <None Include="Code\Scripts\parameters.lua" />
    <None Include="Code\Shaders\basic.frag" />
    <None Include="Code\Shaders\ui.vert" />
    <None Include="Code\Shaders\ui.frag" />
    <None Include="Code\Shaders\particle.vert" />
    <None Include="Code\Shaders\particle.frag" />
    <None Include="Code\Shaders\font.vert" />
    <None Include="Code\Shaders\font.frag" />
    <None Include="Code\Shaders\basic.vert" />
    <None Include="Code\Shaders\circle.frag" />
    <None Include="Code\Shaders\circle.vert" />
    <None Include="Assets\Levels\Level1.lua" />
  </ItemGroup>
  <ItemGroup>
    <ClCompile Include="code\Main.cpp">
      <Filter>Source Files</Filter>
    </ClCompile>
    <ClCompile Include="code\core\Camera.cpp">
      <Filter>Source Files</Filter>
    </ClCompile>
    <ClCompile Include="code\core\EntityManager.cpp">
      <Filter>Source Files</Filter>
    </ClCompile>
    <ClCompile Include="code\core\Game.cpp">
      <Filter>Source Files</Filter>
    </ClCompile>
    <ClCompile Include="Code\Input\Input.cpp">
      <Filter>Source Files</Filter>
    </ClCompile>
    <ClCompile Include="code\core\ParticleSystem.cpp">
      <Filter>Source Files</Filter>
    </ClCompile>
    <ClCompile Include="Code\Core\ResourceManager.cpp">
      <Filter>Source Files</Filter>
    </ClCompile>
    <ClCompile Include="Code\Core\Scene.cpp">
      <Filter>Source Files</Filter>
    </ClCompile>
    <ClCompile Include="Code\UIs\UI.cpp">
      <Filter>Source Files</Filter>
    </ClCompile>
    <ClCompile Include="Code\UIs\UIList.cpp">
      <Filter>Source Files</Filter>
    </ClCompile>
    <ClCompile Include="Code\UIs\UIListItem.cpp">
      <Filter>Source Files</Filter>
    </ClCompile>
    <ClCompile Include="Code\AI\StateMachine.cpp">
      <Filter>Source Files</Filter>
    </ClCompile>
    <ClCompile Include="Code\Rendering\FontSystem.cpp">
      <Filter>Source Files</Filter>
    </ClCompile>
    <ClCompile Include="Code\Rendering\Renderer.cpp">
      <Filter>Source Files</Filter>
    </ClCompile>
    <ClCompile Include="Code\Rendering\Shader.cpp">
      <Filter>Source Files</Filter>
    </ClCompile>
    <ClCompile Include="Code\Physics\Physics.cpp">
      <Filter>Source Files</Filter>
    </ClCompile>
    <ClCompile Include="code\external\glad\glad.c">
      <Filter>Source Files</Filter>
    </ClCompile>
    <ClCompile Include="code\external\imgui\imgui.cpp">
      <Filter>Source Files</Filter>
    </ClCompile>
    <ClCompile Include="code\external\imgui\imgui_demo.cpp">
      <Filter>Source Files</Filter>
    </ClCompile>
    <ClCompile Include="code\external\imgui\imgui_draw.cpp">
      <Filter>Source Files</Filter>
    </ClCompile>
    <ClCompile Include="code\external\imgui\imgui_impl_glfw.cpp">
      <Filter>Source Files</Filter>
    </ClCompile>
    <ClCompile Include="code\external\imgui\imgui_impl_opengl3.cpp">
      <Filter>Source Files</Filter>
    </ClCompile>
    <ClCompile Include="code\external\imgui\imgui_tables.cpp">
      <Filter>Source Files</Filter>
    </ClCompile>
    <ClCompile Include="code\external\imgui\imgui_widgets.cpp">
      <Filter>Source Files</Filter>
    </ClCompile>
    <ClCompile Include="Code\Core\Random.cpp">
      <Filter>Source Files</Filter>
    </ClCompile>
    <ClCompile Include="Code\Core\GUIComponent.cpp">
      <Filter>Source Files</Filter>
    </ClCompile>
    <ClCompile Include="Code\Core\GUI.cpp">
      <Filter>Source Files</Filter>
    </ClCompile>
    <ClCompile Include="Code\Core\ScriptManager.cpp">
      <Filter>Source Files</Filter>
    </ClCompile>
    <ClCompile Include="Code\Core\Texture.cpp">
      <Filter>Source Files</Filter>
    </ClCompile>
    <ClCompile Include="Code\Core\LevelManager.cpp">
      <Filter>Source Files</Filter>
    </ClCompile>
  </ItemGroup>
  <ItemGroup>
    <ClInclude Include="code\core\Camera.h">
      <Filter>Header Files</Filter>
    </ClInclude>
    <ClInclude Include="code\core\Entity.h">
      <Filter>Header Files</Filter>
    </ClInclude>
    <ClInclude Include="code\core\EntityManager.h">
      <Filter>Header Files</Filter>
    </ClInclude>
    <ClInclude Include="code\core\Game.h">
      <Filter>Header Files</Filter>
    </ClInclude>
    <ClInclude Include="Code\Core\GameState.h">
      <Filter>Header Files</Filter>
    </ClInclude>
    <ClInclude Include="Code\Input\Input.h">
      <Filter>Header Files</Filter>
    </ClInclude>
    <ClInclude Include="code\core\ParticleSystem.h">
      <Filter>Header Files</Filter>
    </ClInclude>
    <ClInclude Include="Code\Core\ResourceManager.h">
      <Filter>Header Files</Filter>
    </ClInclude>
    <ClInclude Include="Code\Core\Scene.h">
      <Filter>Header Files</Filter>
    </ClInclude>
    <ClInclude Include="Code\Core\System.h">
      <Filter>Header Files</Filter>
    </ClInclude>
    <ClInclude Include="Code\UIs\UI.h">
      <Filter>Header Files</Filter>
    </ClInclude>
    <ClInclude Include="Code\UIs\UIComponent.h">
      <Filter>Header Files</Filter>
    </ClInclude>
    <ClInclude Include="Code\UIs\UIList.h">
      <Filter>Header Files</Filter>
    </ClInclude>
    <ClInclude Include="Code\UIs\UIListItem.h">
      <Filter>Header Files</Filter>
    </ClInclude>
    <ClInclude Include="Code\UIs\UIText.h">
      <Filter>Header Files</Filter>
    </ClInclude>
    <ClInclude Include="Code\AI\AIState.h">
      <Filter>Header Files</Filter>
    </ClInclude>
    <ClInclude Include="Code\AI\AITransition.h">
      <Filter>Header Files</Filter>
    </ClInclude>
    <ClInclude Include="Code\AI\StateMachine.h">
      <Filter>Header Files</Filter>
    </ClInclude>
    <ClInclude Include="code\systems\PlayerSystem.h">
      <Filter>Header Files</Filter>
    </ClInclude>
    <ClInclude Include="Code\Scenes\Level1.h">
      <Filter>Header Files</Filter>
    </ClInclude>
    <ClInclude Include="Code\Scenes\LevelScene.h">
      <Filter>Header Files</Filter>
    </ClInclude>
    <ClInclude Include="Code\Rendering\FontSystem.h">
      <Filter>Header Files</Filter>
    </ClInclude>
    <ClInclude Include="Code\Rendering\Renderer.h">
      <Filter>Header Files</Filter>
    </ClInclude>
    <ClInclude Include="Code\Rendering\Shader.h">
      <Filter>Header Files</Filter>
    </ClInclude>
    <ClInclude Include="Code\Prefabs\Projectile.h">
      <Filter>Header Files</Filter>
    </ClInclude>
    <ClInclude Include="Code\Physics\ContactListener.h">
      <Filter>Header Files</Filter>
    </ClInclude>
    <ClInclude Include="Code\Physics\FixtureData.h">
      <Filter>Header Files</Filter>
    </ClInclude>
    <ClInclude Include="Code\Physics\Physics.h">
      <Filter>Header Files</Filter>
    </ClInclude>
    <ClInclude Include="Code\Physics\PlayerFixtureData.h">
      <Filter>Header Files</Filter>
    </ClInclude>
    <ClInclude Include="Code\Game\PausedState.h">
      <Filter>Header Files</Filter>
    </ClInclude>
    <ClInclude Include="Code\Game\RunningState.h">
      <Filter>Header Files</Filter>
    </ClInclude>
    <ClInclude Include="code\external\entt\entt.hpp">
      <Filter>Header Files</Filter>
    </ClInclude>
    <ClInclude Include="code\external\imgui\imconfig.h">
      <Filter>Header Files</Filter>
    </ClInclude>
    <ClInclude Include="code\external\imgui\imgui.h">
      <Filter>Header Files</Filter>
    </ClInclude>
    <ClInclude Include="code\external\imgui\imgui_impl_glfw.h">
      <Filter>Header Files</Filter>
    </ClInclude>
    <ClInclude Include="code\external\imgui\imgui_impl_opengl3.h">
      <Filter>Header Files</Filter>
    </ClInclude>
    <ClInclude Include="code\external\imgui\imgui_internal.h">
      <Filter>Header Files</Filter>
    </ClInclude>
    <ClInclude Include="code\external\imgui\imstb_rectpack.h">
      <Filter>Header Files</Filter>
    </ClInclude>
    <ClInclude Include="code\external\imgui\imstb_textedit.h">
      <Filter>Header Files</Filter>
    </ClInclude>
    <ClInclude Include="code\external\imgui\imstb_truetype.h">
      <Filter>Header Files</Filter>
    </ClInclude>
    <ClInclude Include="code\external\sol\config.hpp">
      <Filter>Header Files</Filter>
    </ClInclude>
    <ClInclude Include="code\external\sol\forward.hpp">
      <Filter>Header Files</Filter>
    </ClInclude>
    <ClInclude Include="code\external\sol\sol.hpp">
      <Filter>Header Files</Filter>
    </ClInclude>
    <ClInclude Include="Code\Components\AIComponent.h">
      <Filter>Header Files</Filter>
    </ClInclude>
    <ClInclude Include="code\components\Collider2DComponent.h">
      <Filter>Header Files</Filter>
    </ClInclude>
    <ClInclude Include="code\components\PlayerComponent.h">
      <Filter>Header Files</Filter>
    </ClInclude>
    <ClInclude Include="Code\Components\ScriptComponent.h">
      <Filter>Header Files</Filter>
    </ClInclude>
    <ClInclude Include="Code\Core\Random.h">
      <Filter>Header Files</Filter>
    </ClInclude>
    <ClInclude Include="Code\Core\GUIComponent.h">
      <Filter>Header Files</Filter>
    </ClInclude>
    <ClInclude Include="Code\Core\GUI.h">
      <Filter>Header Files</Filter>
    </ClInclude>
    <ClInclude Include="Code\GUIs\GUIList.h">
      <Filter>Header Files</Filter>
    </ClInclude>
    <ClInclude Include="Code\GUIs\GUIWindow.h">
      <Filter>Header Files</Filter>
    </ClInclude>
    <ClInclude Include="Code\Core\ScriptManager.h">
      <Filter>Header Files</Filter>
    </ClInclude>
    <ClInclude Include="Code\Scenes\MenuScene.h">
      <Filter>Header Files</Filter>
    </ClInclude>
    <ClInclude Include="Code\Game\MenuState.h">
      <Filter>Header Files</Filter>
    </ClInclude>
    <ClInclude Include="Code\Input\KeyCodes.h">
      <Filter>Header Files</Filter>
    </ClInclude>
    <ClInclude Include="Code\Scenes\IntroScene.h">
      <Filter>Header Files</Filter>
    </ClInclude>
    <ClInclude Include="Code\UIs\UIContainer.h">
      <Filter>Header Files</Filter>
    </ClInclude>
    <ClInclude Include="Code\External\stb_image.h">
      <Filter>Header Files</Filter>
    </ClInclude>
    <ClInclude Include="Code\Core\Texture.h">
      <Filter>Header Files</Filter>
    </ClInclude>
    <ClInclude Include="Code\Core\LevelManager.h">
      <Filter>Header Files</Filter>
    </ClInclude>
  </ItemGroup>
  <ItemGroup>
    <Font Include="Assets\Fonts\Xolonium-Regular.ttf" />
  </ItemGroup>
  <ItemGroup>
    <Image Include="Assets\Images\awesomeface.png">
      <Filter>Resource Files</Filter>
    </Image>
  </ItemGroup>
</Project>