<?xml version="1.0" encoding="utf-8"?>
<Project ToolsVersion="4.0" xmlns="http://schemas.microsoft.com/developer/msbuild/2003">
  <ItemGroup>
    <Filter Include="Source Files">
      <UniqueIdentifier>{4FC737F1-C7A5-4376-A066-2A32D752A2FF}</UniqueIdentifier>
      <Extensions>cpp;c;cc;cxx;c++;cppm;ixx;def;odl;idl;hpj;bat;asm;asmx</Extensions>
    </Filter>
    <Filter Include="Header Files">
      <UniqueIdentifier>{93995380-89BD-4b04-88EB-625FBE52EBFB}</UniqueIdentifier>
      <Extensions>h;hh;hpp;hxx;h++;hm;inl;inc;ipp;xsd</Extensions>
    </Filter>
    <Filter Include="Resource Files">
      <UniqueIdentifier>{67DA6AB6-F800-4c08-8B7A-83BB121AAD01}</UniqueIdentifier>
      <Extensions>rc;ico;cur;bmp;dlg;rc2;rct;bin;rgs;gif;jpg;jpeg;jpe;resx;tiff;tif;png;wav;mfcribbon-ms</Extensions>
    </Filter>
  </ItemGroup>
  <ItemGroup>
    <ClCompile Include="Code\Main.cpp">
      <Filter>Source Files</Filter>
    </ClCompile>
    <ClCompile Include="Code\Components\EntityListWindow.cpp">
      <Filter>Source Files</Filter>
    </ClCompile>
    <ClCompile Include="Code\Components\InspectorWindow.cpp">
      <Filter>Source Files</Filter>
    </ClCompile>
    <ClCompile Include="Code\ImGuiComponent.cpp">
      <Filter>Source Files</Filter>
    </ClCompile>
    <ClCompile Include="Code\ImGuiLayer.cpp">
      <Filter>Source Files</Filter>
    </ClCompile>
    <ClCompile Include="Code\SceneLayer.cpp">
      <Filter>Source Files</Filter>
    </ClCompile>
    <ClCompile Include="Code\EditorScene.cpp">
      <Filter>Source Files</Filter>
    </ClCompile>
    <ClCompile Include="Code\Gizmos\Gizmo.cpp">
      <Filter>Source Files</Filter>
    </ClCompile>
    <ClCompile Include="Code\EditorGUI\ImGuiMain.cpp">
      <Filter>Source Files</Filter>
    </ClCompile>
    <ClCompile Include="Code\EditorGUI\ImGuiEntityProperties.cpp">
      <Filter>Source Files</Filter>
    </ClCompile>
    <ClCompile Include="Code\EditorGUI\ImGuiHierarchy.cpp">
      <Filter>Source Files</Filter>
    </ClCompile>
    <ClCompile Include="Code\EditorGUI\ImGuiAssetPanel.cpp">
      <Filter>Source Files</Filter>
    </ClCompile>
    <ClCompile Include="Code\EditorGUI\ImGuiMainMenuBar.cpp">
      <Filter>Source Files</Filter>
    </ClCompile>
    <ClCompile Include="Code\EditorApplication.cpp">
      <Filter>Source Files</Filter>
    </ClCompile>
    <ClCompile Include="Code\EditorLayer.cpp">
      <Filter>Source Files</Filter>
    </ClCompile>
    <ClCompile Include="Code\GameLayer.cpp">
      <Filter>Source Files</Filter>
    </ClCompile>
    <ClCompile Include="Code\HubLayer.cpp">
      <Filter>Source Files</Filter>
    </ClCompile>
  </ItemGroup>
  <ItemGroup>
    <ClInclude Include="Code\Components\EntityListWindow.h">
      <Filter>Header Files</Filter>
    </ClInclude>
    <ClInclude Include="Code\Components\ImGuiWindow.h">
      <Filter>Header Files</Filter>
    </ClInclude>
    <ClInclude Include="Code\Components\InspectorWindow.h">
      <Filter>Header Files</Filter>
    </ClInclude>
    <ClInclude Include="Code\EditorMouse.h">
      <Filter>Header Files</Filter>
    </ClInclude>
    <ClInclude Include="Code\ImGuiComponent.h">
      <Filter>Header Files</Filter>
    </ClInclude>
    <ClInclude Include="Code\ImGuiLayer.h">
      <Filter>Header Files</Filter>
    </ClInclude>
    <ClInclude Include="Code\SceneLayer.h">
      <Filter>Header Files</Filter>
    </ClInclude>
    <ClInclude Include="Code\EditorCamera.h">
      <Filter>Header Files</Filter>
    </ClInclude>
    <ClInclude Include="Code\EditorScene.h">
      <Filter>Header Files</Filter>
    </ClInclude>
    <ClInclude Include="Code\Gizmos\Gizmo.h">
      <Filter>Header Files</Filter>
    </ClInclude>
    <ClInclude Include="Code\Gizmos\TranslateGizmo.h">
      <Filter>Header Files</Filter>
    </ClInclude>
    <ClInclude Include="Code\Gizmos\ScaleGizmo.h">
      <Filter>Header Files</Filter>
    </ClInclude>
    <ClInclude Include="Code\Gizmos\RotateGizmo.h">
      <Filter>Header Files</Filter>
    </ClInclude>
    <ClInclude Include="Code\Gizmos\Actionable.h">
      <Filter>Header Files</Filter>
    </ClInclude>
    <ClInclude Include="Code\Gizmos\ActionableRect.h">
      <Filter>Header Files</Filter>
    </ClInclude>
    <ClInclude Include="Code\Gizmos\ActionableCircle.h">
      <Filter>Header Files</Filter>
    </ClInclude>
    <ClInclude Include="Code\Gizmos\ViewGizmo.h">
      <Filter>Header Files</Filter>
    </ClInclude>
    <ClInclude Include="Code\SceneManager.h">
      <Filter>Header Files</Filter>
    </ClInclude>
    <ClInclude Include="Code\SampleScene.h">
      <Filter>Header Files</Filter>
    </ClInclude>
    <ClInclude Include="Code\EditorGUI\ImGuiMain.h">
      <Filter>Header Files</Filter>
    </ClInclude>
    <ClInclude Include="Code\EditorGUI\ImGuiWindow.h">
      <Filter>Header Files</Filter>
    </ClInclude>
    <ClInclude Include="Code\EditorGUI\ImGuiEntityProperties.h">
      <Filter>Header Files</Filter>
    </ClInclude>
    <ClInclude Include="Code\EditorGUI\ImGuiHierarchy.h">
      <Filter>Header Files</Filter>
    </ClInclude>
    <ClInclude Include="Code\EditorGUI\ImGuiAssetPanel.h">
      <Filter>Header Files</Filter>
    </ClInclude>
    <ClInclude Include="Code\EditorGUI\ImGuiMainMenuBar.h">
      <Filter>Header Files</Filter>
    </ClInclude>
    <ClInclude Include="Code\EditorApplication.h">
      <Filter>Header Files</Filter>
    </ClInclude>
    <ClInclude Include="Code\EditorLayer.h">
      <Filter>Header Files</Filter>
    </ClInclude>
    <ClInclude Include="Code\GameLayer.h">
      <Filter>Header Files</Filter>
    </ClInclude>
    <ClInclude Include="Code\HubLayer.h">
      <Filter>Header Files</Filter>
    </ClInclude>
  </ItemGroup>
</Project>