<?xml version="1.0" encoding="utf-8"?>
<Project ToolsVersion="4.0" xmlns="http://schemas.microsoft.com/developer/msbuild/2003">
  <ItemGroup>
    <Filter Include="Source Files">
      <UniqueIdentifier>{4FC737F1-C7A5-4376-A066-2A32D752A2FF}</UniqueIdentifier>
      <Extensions>cpp;c;cc;cxx;c++;cppm;ixx;def;odl;idl;hpj;bat;asm;asmx</Extensions>
    </Filter>
    <Filter Include="Header Files">
      <UniqueIdentifier>{93995380-89BD-4b04-88EB-625FBE52EBFB}</UniqueIdentifier>
      <Extensions>h;hh;hpp;hxx;h++;hm;inl;inc;ipp;xsd</Extensions>
    </Filter>
    <Filter Include="Resource Files">
      <UniqueIdentifier>{67DA6AB6-F800-4c08-8B7A-83BB121AAD01}</UniqueIdentifier>
      <Extensions>rc;ico;cur;bmp;dlg;rc2;rct;bin;rgs;gif;jpg;jpeg;jpe;resx;tiff;tif;png;wav;mfcribbon-ms</Extensions>
    </Filter>
  </ItemGroup>
  <ItemGroup>
    <ClCompile Include="Code\Main.cpp">
      <Filter>Source Files</Filter>
    </ClCompile>
    <ClCompile Include="Code\ImGuiComponent.cpp">
      <Filter>Source Files</Filter>
    </ClCompile>
    <ClCompile Include="Code\ImGuiLayer.cpp">
      <Filter>Source Files</Filter>
    </ClCompile>
    <ClCompile Include="Code\Gizmos\Gizmo.cpp">
      <Filter>Source Files</Filter>
    </ClCompile>
    <ClCompile Include="Code\EditorGUI\ImGuiEntityProperties.cpp">
      <Filter>Source Files</Filter>
    </ClCompile>
    <ClCompile Include="Code\EditorGUI\ImGuiHierarchy.cpp">
      <Filter>Source Files</Filter>
    </ClCompile>
    <ClCompile Include="Code\EditorGUI\ImGuiAssetPanel.cpp">
      <Filter>Source Files</Filter>
    </ClCompile>
    <ClCompile Include="Code\EditorGUI\ImGuiMainMenuBar.cpp">
      <Filter>Source Files</Filter>
    </ClCompile>
    <ClCompile Include="Code\EditorApplication.cpp">
      <Filter>Source Files</Filter>
    </ClCompile>
    <ClCompile Include="Code\EditorLayer.cpp">
      <Filter>Source Files</Filter>
    </ClCompile>
    <ClCompile Include="Code\HubLayer.cpp">
      <Filter>Source Files</Filter>
    </ClCompile>
    <ClCompile Include="Code\EditorGUI\ImGuiNodeEditor.cpp">
      <Filter>Source Files</Filter>
    </ClCompile>
    <ClCompile Include="Code\Helpers\FileHandler.cpp">
      <Filter>Source Files</Filter>
    </ClCompile>
    <ClCompile Include="Code\EditorGUI\ImGuiAssetProperties.cpp">
      <Filter>Source Files</Filter>
    </ClCompile>
    <ClCompile Include="Code\EditorGUI\Windows\ImGuiSelectSpriteWindow.cpp">
      <Filter>Source Files</Filter>
    </ClCompile>
    <ClCompile Include="Code\EditorGUI\Windows\ImGuiWindow.cpp">
      <Filter>Source Files</Filter>
    </ClCompile>
    <ClCompile Include="Code\EditorGUI\Windows\ImGuiSelectAnimatorControllerWindow.cpp">
      <Filter>Source Files</Filter>
    </ClCompile>
    <ClCompile Include="Code\EditorGUI\Windows\ImGuiPrefabEditorWindow.cpp">
      <Filter>Source Files</Filter>
    </ClCompile>
    <ClCompile Include="Code\GameLayer.cpp">
      <Filter>Source Files</Filter>
    </ClCompile>
    <ClCompile Include="Code\EditorGUI\ImGuiUtils.cpp">
      <Filter>Source Files</Filter>
    </ClCompile>
    <ClCompile Include="Code\EditorGUI\EditorViewport.cpp">
      <Filter>Source Files</Filter>
    </ClCompile>
    <ClCompile Include="Code\EditorGUI\EditorSceneViewport.cpp">
      <Filter>Source Files</Filter>
    </ClCompile>
    <ClCompile Include="Code\Gizmos\GridGizmo.cpp">
      <Filter>Source Files</Filter>
    </ClCompile>
  </ItemGroup>
  <ItemGroup>
    <ClInclude Include="Code\ImGuiComponent.h">
      <Filter>Header Files</Filter>
    </ClInclude>
    <ClInclude Include="Code\ImGuiLayer.h">
      <Filter>Header Files</Filter>
    </ClInclude>
    <ClInclude Include="Code\Gizmos\Gizmo.h">
      <Filter>Header Files</Filter>
    </ClInclude>
    <ClInclude Include="Code\Gizmos\TranslateGizmo.h">
      <Filter>Header Files</Filter>
    </ClInclude>
    <ClInclude Include="Code\Gizmos\ScaleGizmo.h">
      <Filter>Header Files</Filter>
    </ClInclude>
    <ClInclude Include="Code\Gizmos\RotateGizmo.h">
      <Filter>Header Files</Filter>
    </ClInclude>
    <ClInclude Include="Code\Gizmos\Actionable.h">
      <Filter>Header Files</Filter>
    </ClInclude>
    <ClInclude Include="Code\Gizmos\ActionableRect.h">
      <Filter>Header Files</Filter>
    </ClInclude>
    <ClInclude Include="Code\Gizmos\ActionableCircle.h">
      <Filter>Header Files</Filter>
    </ClInclude>
    <ClInclude Include="Code\Gizmos\ViewGizmo.h">
      <Filter>Header Files</Filter>
    </ClInclude>
    <ClInclude Include="Code\SampleScene.h">
      <Filter>Header Files</Filter>
    </ClInclude>
    <ClInclude Include="Code\EditorGUI\Windows\ImGuiWindow.h">
      <Filter>Header Files</Filter>
    </ClInclude>
    <ClInclude Include="Code\EditorGUI\ImGuiEntityProperties.h">
      <Filter>Header Files</Filter>
    </ClInclude>
    <ClInclude Include="Code\EditorGUI\ImGuiHierarchy.h">
      <Filter>Header Files</Filter>
    </ClInclude>
    <ClInclude Include="Code\EditorGUI\ImGuiAssetPanel.h">
      <Filter>Header Files</Filter>
    </ClInclude>
    <ClInclude Include="Code\EditorGUI\ImGuiMainMenuBar.h">
      <Filter>Header Files</Filter>
    </ClInclude>
    <ClInclude Include="Code\EditorApplication.h">
      <Filter>Header Files</Filter>
    </ClInclude>
    <ClInclude Include="Code\EditorLayer.h">
      <Filter>Header Files</Filter>
    </ClInclude>
    <ClInclude Include="Code\GameLayer.h">
      <Filter>Header Files</Filter>
    </ClInclude>
    <ClInclude Include="Code\HubLayer.h">
      <Filter>Header Files</Filter>
    </ClInclude>
    <ClInclude Include="Code\ScriptManager.h">
      <Filter>Header Files</Filter>
    </ClInclude>
    <ClInclude Include="Code\EditorGUI\ImGuiNodeEditor.h">
      <Filter>Header Files</Filter>
    </ClInclude>
    <ClInclude Include="Code\Helpers\FileHandler.h">
      <Filter>Header Files</Filter>
    </ClInclude>
    <ClInclude Include="Code\EditorGUI\ImGuiAssetProperties.h">
      <Filter>Header Files</Filter>
    </ClInclude>
    <ClInclude Include="Code\EditorGUI\Windows\ImGuiSelectSpriteWindow.h">
      <Filter>Header Files</Filter>
    </ClInclude>
    <ClInclude Include="Code\EditorGUI\Windows\ImGuiSelectAnimatorControllerWindow.h">
      <Filter>Header Files</Filter>
    </ClInclude>
    <ClInclude Include="Code\EditorGUI\ImGuiComponents\ImGuiComponentRenderer.h">
      <Filter>Header Files</Filter>
    </ClInclude>
    <ClInclude Include="Code\EditorGUI\ImGuiComponents\ImGuiBaseComponent.h">
      <Filter>Header Files</Filter>
    </ClInclude>
    <ClInclude Include="Code\EditorGUI\ImGuiComponents\ImGuiSpriteAnimatorComponent.h">
      <Filter>Header Files</Filter>
    </ClInclude>
    <ClInclude Include="Code\EditorGUI\ImGuiComponents\ImGuiSpriteRendererComponent.h">
      <Filter>Header Files</Filter>
    </ClInclude>
    <ClInclude Include="Code\EditorGUI\ImGuiComponents\ImGuiTransformComponent.h">
      <Filter>Header Files</Filter>
    </ClInclude>
    <ClInclude Include="Code\EditorGUI\Windows\ImGuiPrefabEditorWIndow.h">
      <Filter>Header Files</Filter>
    </ClInclude>
    <ClInclude Include="Code\EditorGUI\Windows\ImGuiViewportWindow.h">
      <Filter>Header Files</Filter>
    </ClInclude>
    <ClInclude Include="Code\EditorGUI\ImGuiComponents\ImGuiNativeScriptComponent.h">
      <Filter>Header Files</Filter>
    </ClInclude>
    <ClInclude Include="Code\EditorGUI\ImGuiComponents\ImGuiGroundDetectionComponent.h">
      <Filter>Header Files</Filter>
    </ClInclude>
    <ClInclude Include="Code\EditorGUI\ImGuiComponents\ImGuiBoxCollider2DComponent.h">
      <Filter>Header Files</Filter>
    </ClInclude>
    <ClInclude Include="Code\EditorGUI\ImGuiComponents\ImGuiCircleCollider2DComponent.h">
      <Filter>Header Files</Filter>
    </ClInclude>
    <ClInclude Include="Code\Commands\EditorCommand.h">
      <Filter>Header Files</Filter>
    </ClInclude>
    <ClInclude Include="Code\Commands\TranslateCommand.h">
      <Filter>Header Files</Filter>
    </ClInclude>
    <ClInclude Include="Code\EditorGUI\ImGuiComponents\ImGuiRectTransformComponent.h">
      <Filter>Header Files</Filter>
    </ClInclude>
    <ClInclude Include="Code\EditorGUI\ImGuiComponents\ImGuiButtonComponent.h">
      <Filter>Header Files</Filter>
    </ClInclude>
    <ClInclude Include="Code\EditorGUI\ImGuiComponents\ImGuiAudioSourceComponent.h">
      <Filter>Header Files</Filter>
    </ClInclude>
    <ClInclude Include="Code\EditorGUI\ImGuiComponents\ImGuiCameraComponent.h">
      <Filter>Header Files</Filter>
    </ClInclude>
    <ClInclude Include="Code\EditorGUI\ImGuiComponents\ImGuiTextComponent.h">
      <Filter>Header Files</Filter>
    </ClInclude>
    <ClInclude Include="Code\EditorGUI\ImGuiUtils.h">
      <Filter>Header Files</Filter>
    </ClInclude>
    <ClInclude Include="Code\EditorGUI\ImGuiComponents\ImGuiGridComponent.h">
      <Filter>Header Files</Filter>
    </ClInclude>
    <ClInclude Include="Code\EditorGUI\EditorViewport.h">
      <Filter>Header Files</Filter>
    </ClInclude>
    <ClInclude Include="Code\EditorGUI\EditorSceneViewport.h">
      <Filter>Header Files</Filter>
    </ClInclude>
    <ClInclude Include="Code\EditorData.h">
      <Filter>Header Files</Filter>
    </ClInclude>
    <ClInclude Include="Code\Gizmos\GridGizmo.h">
      <Filter>Header Files</Filter>
    </ClInclude>
  </ItemGroup>
</Project>